# THIS IS AN AUTOGENERATED FILE. DO NOT EDIT THIS FILE DIRECTLY.
# yarn lockfile v1


balanced-match@^1.0.0:
  version "1.0.0"
  resolved "https://registry.yarnpkg.com/balanced-match/-/balanced-match-1.0.0.tgz#89b4d199ab2bee49de164ea02b89ce462d71b767"
  integrity sha1-ibTRmasr7kneFk6gK4nORi1xt2c=

brace-expansion@^1.1.7:
  version "1.1.11"
  resolved "https://registry.yarnpkg.com/brace-expansion/-/brace-expansion-1.1.11.tgz#3c7fcbf529d87226f3d2f52b966ff5271eb441dd"
  integrity sha512-iCuPHDFgrHX7H2vEI/5xpz07zSHB00TpugqhmYtVmMO6518mCuRMoOYFldEBl0g187ufozdaHgWKcYFb61qGiA==
  dependencies:
    balanced-match "^1.0.0"
    concat-map "0.0.1"

concat-map@0.0.1:
  version "0.0.1"
  resolved "https://registry.yarnpkg.com/concat-map/-/concat-map-0.0.1.tgz#d8a96bd77fd68df7793a73036a3ba0d5405d477b"
  integrity sha1-2Klr13/Wjfd5OnMDajug1UBdR3s=

file-url@^2.0.2:
  version "2.0.2"
  resolved "https://registry.yarnpkg.com/file-url/-/file-url-2.0.2.tgz#e951784d79095127d3713029ab063f40818ca2ae"
  integrity sha1-6VF4TXkJUSfTcTApqwY/QIGMoq4=

is-wsl@^1.1.0:
  version "1.1.0"
  resolved "https://registry.yarnpkg.com/is-wsl/-/is-wsl-1.1.0.tgz#1f16e4aa22b04d1336b66188a66af3c600c3a66d"
  integrity sha1-HxbkqiKwTRM2tmGIpmrzxgDDpm0=

minimatch@3.0.4:
  version "3.0.4"
  resolved "https://registry.yarnpkg.com/minimatch/-/minimatch-3.0.4.tgz#5166e286457f03306064be5497e8dbb0c3d32083"
  integrity sha512-yJHVQEhyqPLUTgt9B83PXu6W3rx4MvvHvSUvToogpwoGDOUQ+yDrR0HRot+yOCdCO7u4hX3pWft6kWBBcqh0UA==
  dependencies:
    brace-expansion "^1.1.7"

minimist@^1.2.0:
  version "1.2.0"
  resolved "https://registry.yarnpkg.com/minimist/-/minimist-1.2.0.tgz#a35008b20f41383eec1fb914f4cd5df79a264284"
  integrity sha1-o1AIsg9BOD7sH7kU9M1d95omQoQ=

opn@^5.4.0:
  version "5.4.0"
  resolved "https://registry.yarnpkg.com/opn/-/opn-5.4.0.tgz#cb545e7aab78562beb11aa3bfabc7042e1761035"
  integrity sha512-YF9MNdVy/0qvJvDtunAOzFw9iasOQHpVthTCvGzxt61Il64AYSGdK+rYwld7NAfk9qJ7dt+hymBNSc9LNYS+Sw==
  dependencies:
    is-wsl "^1.1.0"

project-repl@^1.5.0:
  version "1.5.0"
  resolved "https://registry.yarnpkg.com/project-repl/-/project-repl-1.5.0.tgz#695d945235594eebe32d80c7ebea2318cb81487f"
  integrity sha512-ss831p9dFzv8JEp3qFJSOsCOk66Z4afwMxvyXrkICpce5jytqyqncuaPJjQfVNpS3fxpOCwwqE2gZ3AcbrmdCA==
  dependencies:
    recursive-readdir "^2.2.2"

recursive-readdir@^2.2.2:
  version "2.2.2"
  resolved "https://registry.yarnpkg.com/recursive-readdir/-/recursive-readdir-2.2.2.tgz#9946fb3274e1628de6e36b2f6714953b4845094f"
  integrity sha512-nRCcW9Sj7NuZwa2XvH9co8NPeXUBhZP7CRKJtU+cS6PW9FpCIFoI5ib0NT1ZrbNuPoRy0ylyCaUL8Gih4LSyFg==
  dependencies:
    minimatch "3.0.4"
